
Microsoft Visual Studio Solution File, Format Version 12.00
# Visual Studio 15
VisualStudioVersion = 15.0.27428.2043
MinimumVisualStudioVersion = 10.0.40219.1
Project("{FAE04EC0-301F-11D3-BF4B-00C04F79EFBC}") = "Monithor.Api", "Monithor.Api\Monithor.Api.csproj", "{055E7E76-B77D-4BF0-BDDA-22357E1E6161}"
EndProject
Project("{FAE04EC0-301F-11D3-BF4B-00C04F79EFBC}") = "Monithor", "Monithor\Monithor.csproj", "{8DC12914-E88F-4D67-9B7F-F3E3A14F70DD}"
EndProject
Project("{FAE04EC0-301F-11D3-BF4B-00C04F79EFBC}") = "Monitor.Tests", "Monitor.Tests\Monitor.Tests.csproj", "{ED36992F-39DF-4CA1-9F66-33ED86C6B20C}"
EndProject
Global
	GlobalSection(SolutionConfigurationPlatforms) = preSolution
		Debug|Any CPU = Debug|Any CPU
		Release|Any CPU = Release|Any CPU
	EndGlobalSection
	GlobalSection(ProjectConfigurationPlatforms) = postSolution
		{055E7E76-B77D-4BF0-BDDA-22357E1E6161}.Debug|Any CPU.ActiveCfg = Debug|Any CPU
		{055E7E76-B77D-4BF0-BDDA-22357E1E6161}.Debug|Any CPU.Build.0 = Debug|Any CPU
		{055E7E76-B77D-4BF0-BDDA-22357E1E6161}.Release|Any CPU.ActiveCfg = Release|Any CPU
		{055E7E76-B77D-4BF0-BDDA-22357E1E6161}.Release|Any CPU.Build.0 = Release|Any CPU
		{8DC12914-E88F-4D67-9B7F-F3E3A14F70DD}.Debug|Any CPU.ActiveCfg = Debug|Any CPU
		{8DC12914-E88F-4D67-9B7F-F3E3A14F70DD}.Debug|Any CPU.Build.0 = Debug|Any CPU
		{8DC12914-E88F-4D67-9B7F-F3E3A14F70DD}.Release|Any CPU.ActiveCfg = Release|Any CPU
		{8DC12914-E88F-4D67-9B7F-F3E3A14F70DD}.Release|Any CPU.Build.0 = Release|Any CPU
		{ED36992F-39DF-4CA1-9F66-33ED86C6B20C}.Debug|Any CPU.ActiveCfg = Debug|Any CPU
		{ED36992F-39DF-4CA1-9F66-33ED86C6B20C}.Debug|Any CPU.Build.0 = Debug|Any CPU
		{ED36992F-39DF-4CA1-9F66-33ED86C6B20C}.Release|Any CPU.ActiveCfg = Release|Any CPU
		{ED36992F-39DF-4CA1-9F66-33ED86C6B20C}.Release|Any CPU.Build.0 = Release|Any CPU
	EndGlobalSection
	GlobalSection(SolutionProperties) = preSolution
		HideSolutionNode = FALSE
	EndGlobalSection
	GlobalSection(ExtensibilityGlobals) = postSolution
		SolutionGuid = {8CFC83BB-D2FA-432C-BE92-31F7149FD8CA}
	EndGlobalSection
EndGlobal
